
Microsoft Visual Studio Solution File, Format Version 12.00
# Visual Studio Version 17
VisualStudioVersion = 17.5.33627.172
MinimumVisualStudioVersion = 10.0.40219.1
Project("{FAE04EC0-301F-11D3-BF4B-00C04F79EFBC}") = "P01_BillsPaymentSystem", "P01_BillsPaymentSystem.csproj", "{4C13997F-24A9-4D9F-ACDF-A4B09A78EAFF}"
EndProject
Project("{FAE04EC0-301F-11D3-BF4B-00C04F79EFBC}") = "P01_BillsPaymentSystem.Data", "..\P01_BillsPaymentSystem.Data\P01_BillsPaymentSystem.Data.csproj", "{CCFF6696-B70D-4A02-B19A-7212CDEA91FC}"
EndProject
Project("{FAE04EC0-301F-11D3-BF4B-00C04F79EFBC}") = "P01_BillsPaymentSystem.Data.Models", "..\P01_BillsPaymentSystem.Data.Models\P01_BillsPaymentSystem.Data.Models.csproj", "{68003E93-ECC9-4DC4-97AD-5B4667D26CD6}"
EndProject
Global
	GlobalSection(SolutionConfigurationPlatforms) = preSolution
		Debug|Any CPU = Debug|Any CPU
		Release|Any CPU = Release|Any CPU
	EndGlobalSection
	GlobalSection(ProjectConfigurationPlatforms) = postSolution
		{4C13997F-24A9-4D9F-ACDF-A4B09A78EAFF}.Debug|Any CPU.ActiveCfg = Debug|Any CPU
		{4C13997F-24A9-4D9F-ACDF-A4B09A78EAFF}.Debug|Any CPU.Build.0 = Debug|Any CPU
		{4C13997F-24A9-4D9F-ACDF-A4B09A78EAFF}.Release|Any CPU.ActiveCfg = Release|Any CPU
		{4C13997F-24A9-4D9F-ACDF-A4B09A78EAFF}.Release|Any CPU.Build.0 = Release|Any CPU
		{CCFF6696-B70D-4A02-B19A-7212CDEA91FC}.Debug|Any CPU.ActiveCfg = Debug|Any CPU
		{CCFF6696-B70D-4A02-B19A-7212CDEA91FC}.Debug|Any CPU.Build.0 = Debug|Any CPU
		{CCFF6696-B70D-4A02-B19A-7212CDEA91FC}.Release|Any CPU.ActiveCfg = Release|Any CPU
		{CCFF6696-B70D-4A02-B19A-7212CDEA91FC}.Release|Any CPU.Build.0 = Release|Any CPU
		{68003E93-ECC9-4DC4-97AD-5B4667D26CD6}.Debug|Any CPU.ActiveCfg = Debug|Any CPU
		{68003E93-ECC9-4DC4-97AD-5B4667D26CD6}.Debug|Any CPU.Build.0 = Debug|Any CPU
		{68003E93-ECC9-4DC4-97AD-5B4667D26CD6}.Release|Any CPU.ActiveCfg = Release|Any CPU
		{68003E93-ECC9-4DC4-97AD-5B4667D26CD6}.Release|Any CPU.Build.0 = Release|Any CPU
	EndGlobalSection
	GlobalSection(SolutionProperties) = preSolution
		HideSolutionNode = FALSE
	EndGlobalSection
	GlobalSection(ExtensibilityGlobals) = postSolution
		SolutionGuid = {4EC75B21-3F9A-452C-A596-BA9FD878E6A1}
	EndGlobalSection
EndGlobal
