
Microsoft Visual Studio Solution File, Format Version 12.00
# Visual Studio Version 17
VisualStudioVersion = 17.5.33627.172
MinimumVisualStudioVersion = 10.0.40219.1
Project("{9A19103F-16F7-4668-BE54-9A1E7A4F7556}") = "P03_SalesDatabase", "P03_SalesDatabase.csproj", "{468AEA3B-5028-43BE-AFF9-643CCD97D53F}"
EndProject
Project("{FAE04EC0-301F-11D3-BF4B-00C04F79EFBC}") = "P03_SalesDatabase.Data", "..\P03_SalesDatabase.Data\P03_SalesDatabase.Data.csproj", "{020EE1DA-15F2-427F-BB29-FB3C0726B0CE}"
EndProject
Project("{FAE04EC0-301F-11D3-BF4B-00C04F79EFBC}") = "P03_SalesDatabase.Data.Models", "..\P03_SalesDatabase.Data.Models\P03_SalesDatabase.Data.Models.csproj", "{A243EECE-3382-4BFA-985A-38CF278E9B01}"
EndProject
Global
	GlobalSection(SolutionConfigurationPlatforms) = preSolution
		Debug|Any CPU = Debug|Any CPU
		Release|Any CPU = Release|Any CPU
	EndGlobalSection
	GlobalSection(ProjectConfigurationPlatforms) = postSolution
		{468AEA3B-5028-43BE-AFF9-643CCD97D53F}.Debug|Any CPU.ActiveCfg = Debug|Any CPU
		{468AEA3B-5028-43BE-AFF9-643CCD97D53F}.Debug|Any CPU.Build.0 = Debug|Any CPU
		{468AEA3B-5028-43BE-AFF9-643CCD97D53F}.Release|Any CPU.ActiveCfg = Release|Any CPU
		{468AEA3B-5028-43BE-AFF9-643CCD97D53F}.Release|Any CPU.Build.0 = Release|Any CPU
		{020EE1DA-15F2-427F-BB29-FB3C0726B0CE}.Debug|Any CPU.ActiveCfg = Debug|Any CPU
		{020EE1DA-15F2-427F-BB29-FB3C0726B0CE}.Debug|Any CPU.Build.0 = Debug|Any CPU
		{020EE1DA-15F2-427F-BB29-FB3C0726B0CE}.Release|Any CPU.ActiveCfg = Release|Any CPU
		{020EE1DA-15F2-427F-BB29-FB3C0726B0CE}.Release|Any CPU.Build.0 = Release|Any CPU
		{A243EECE-3382-4BFA-985A-38CF278E9B01}.Debug|Any CPU.ActiveCfg = Debug|Any CPU
		{A243EECE-3382-4BFA-985A-38CF278E9B01}.Debug|Any CPU.Build.0 = Debug|Any CPU
		{A243EECE-3382-4BFA-985A-38CF278E9B01}.Release|Any CPU.ActiveCfg = Release|Any CPU
		{A243EECE-3382-4BFA-985A-38CF278E9B01}.Release|Any CPU.Build.0 = Release|Any CPU
	EndGlobalSection
	GlobalSection(SolutionProperties) = preSolution
		HideSolutionNode = FALSE
	EndGlobalSection
	GlobalSection(ExtensibilityGlobals) = postSolution
		SolutionGuid = {D7833986-579B-4559-A30B-083FDEBAF18D}
	EndGlobalSection
EndGlobal
