
Microsoft Visual Studio Solution File, Format Version 12.00
# Visual Studio Version 17
VisualStudioVersion = 17.5.33414.496
MinimumVisualStudioVersion = 10.0.40219.1
Project("{FAE04EC0-301F-11D3-BF4B-00C04F79EFBC}") = "BookShopSystem.StartUp", "BookShopSystem.StartUp\BookShopSystem.StartUp.csproj", "{035BEBE0-0151-4F18-9297-D0ED2BD37835}"
EndProject
Project("{FAE04EC0-301F-11D3-BF4B-00C04F79EFBC}") = "BookShopSystem.Data", "BookShopSystem.Data\BookShopSystem.Data.csproj", "{C92AC7EA-5109-4AE1-9F1C-04FAB9B08AA5}"
EndProject
Project("{FAE04EC0-301F-11D3-BF4B-00C04F79EFBC}") = "BookShopSystem.Models", "BookShopSystem.Models\BookShopSystem.Models.csproj", "{68A20EAD-707D-417C-BEA9-48CFCF43F260}"
EndProject
Global
	GlobalSection(SolutionConfigurationPlatforms) = preSolution
		Debug|Any CPU = Debug|Any CPU
		Release|Any CPU = Release|Any CPU
	EndGlobalSection
	GlobalSection(ProjectConfigurationPlatforms) = postSolution
		{035BEBE0-0151-4F18-9297-D0ED2BD37835}.Debug|Any CPU.ActiveCfg = Debug|Any CPU
		{035BEBE0-0151-4F18-9297-D0ED2BD37835}.Debug|Any CPU.Build.0 = Debug|Any CPU
		{035BEBE0-0151-4F18-9297-D0ED2BD37835}.Release|Any CPU.ActiveCfg = Release|Any CPU
		{035BEBE0-0151-4F18-9297-D0ED2BD37835}.Release|Any CPU.Build.0 = Release|Any CPU
		{C92AC7EA-5109-4AE1-9F1C-04FAB9B08AA5}.Debug|Any CPU.ActiveCfg = Debug|Any CPU
		{C92AC7EA-5109-4AE1-9F1C-04FAB9B08AA5}.Debug|Any CPU.Build.0 = Debug|Any CPU
		{C92AC7EA-5109-4AE1-9F1C-04FAB9B08AA5}.Release|Any CPU.ActiveCfg = Release|Any CPU
		{C92AC7EA-5109-4AE1-9F1C-04FAB9B08AA5}.Release|Any CPU.Build.0 = Release|Any CPU
		{68A20EAD-707D-417C-BEA9-48CFCF43F260}.Debug|Any CPU.ActiveCfg = Debug|Any CPU
		{68A20EAD-707D-417C-BEA9-48CFCF43F260}.Debug|Any CPU.Build.0 = Debug|Any CPU
		{68A20EAD-707D-417C-BEA9-48CFCF43F260}.Release|Any CPU.ActiveCfg = Release|Any CPU
		{68A20EAD-707D-417C-BEA9-48CFCF43F260}.Release|Any CPU.Build.0 = Release|Any CPU
	EndGlobalSection
	GlobalSection(SolutionProperties) = preSolution
		HideSolutionNode = FALSE
	EndGlobalSection
	GlobalSection(ExtensibilityGlobals) = postSolution
		SolutionGuid = {EE7EFC48-01AC-493B-A240-0E1831FDB23E}
	EndGlobalSection
EndGlobal
