
Microsoft Visual Studio Solution File, Format Version 12.00
# Visual Studio Version 17
VisualStudioVersion = 17.4.33205.214
MinimumVisualStudioVersion = 10.0.40219.1
Project("{FAE04EC0-301F-11D3-BF4B-00C04F79EFBC}") = "MovieManagement", "MovieManagement\MovieManagement.csproj", "{C8CC5C79-72E5-4B4B-BE07-3DBFB1D244F1}"
EndProject
Global
	GlobalSection(SolutionConfigurationPlatforms) = preSolution
		Debug|Any CPU = Debug|Any CPU
		Release|Any CPU = Release|Any CPU
	EndGlobalSection
	GlobalSection(ProjectConfigurationPlatforms) = postSolution
		{C8CC5C79-72E5-4B4B-BE07-3DBFB1D244F1}.Debug|Any CPU.ActiveCfg = Debug|Any CPU
		{C8CC5C79-72E5-4B4B-BE07-3DBFB1D244F1}.Debug|Any CPU.Build.0 = Debug|Any CPU
		{C8CC5C79-72E5-4B4B-BE07-3DBFB1D244F1}.Release|Any CPU.ActiveCfg = Release|Any CPU
		{C8CC5C79-72E5-4B4B-BE07-3DBFB1D244F1}.Release|Any CPU.Build.0 = Release|Any CPU
	EndGlobalSection
	GlobalSection(SolutionProperties) = preSolution
		HideSolutionNode = FALSE
	EndGlobalSection
	GlobalSection(ExtensibilityGlobals) = postSolution
		SolutionGuid = {BC032B3F-E419-4BD6-8166-F6FA4D1E201F}
	EndGlobalSection
EndGlobal
